{
    "version": 3,
    "terraform_version": "0.9.8",
    "serial": 26,
    "lineage": "6649e0a1-5632-499d-bcd3-b1eebc21d1ca",
    "modules": [
        {
            "path": [
                "root"
            ],
            "outputs": {},
            "resources": {
                "aws_security_group.ec21": {
                    "type": "aws_security_group",
                    "depends_on": [],
                    "primary": {
                        "id": "sg-05665f0fd75dd3818",
                        "attributes": {
                            "description": "Used in the terraform",
                            "egress.#": "1",
                            "egress.482069346.cidr_blocks.#": "1",
                            "egress.482069346.cidr_blocks.0": "0.0.0.0/0",
                            "egress.482069346.from_port": "0",
                            "egress.482069346.ipv6_cidr_blocks.#": "0",
                            "egress.482069346.prefix_list_ids.#": "0",
                            "egress.482069346.protocol": "-1",
                            "egress.482069346.security_groups.#": "0",
                            "egress.482069346.self": "false",
                            "egress.482069346.to_port": "0",
                            "id": "sg-05665f0fd75dd3818",
                            "ingress.#": "1",
                            "ingress.2599859387.cidr_blocks.#": "1",
                            "ingress.2599859387.cidr_blocks.0": "0.0.0.0/0",
                            "ingress.2599859387.from_port": "0",
                            "ingress.2599859387.ipv6_cidr_blocks.#": "0",
                            "ingress.2599859387.protocol": "tcp",
                            "ingress.2599859387.security_groups.#": "0",
                            "ingress.2599859387.self": "false",
                            "ingress.2599859387.to_port": "6000",
                            "name": "terraform_ansible20",
                            "owner_id": "657397527371",
                            "tags.%": "0",
                            "vpc_id": "vpc-019af07a"
                        },
                        "meta": {},
                        "tainted": false
                    },
                    "deposed": [],
                    "provider": ""
                },
                "null_resource.playbook_ansible": {
                    "type": "null_resource",
                    "depends_on": [],
                    "primary": {
                        "id": "4512426444152267919",
                        "attributes": {
                            "id": "4512426444152267919"
                        },
                        "meta": {},
                        "tainted": true
                    },
                    "deposed": [],
                    "provider": ""
                }
            },
            "depends_on": []
        }
    ]
}
